dependencies:
- name: postgresql
  repository: https://charts.bitnami.com/bitnami
  version: 18.7.6
- name: redis
  repository: https://charts.bitnami.com/bitnami
  version: 27.0.10
digest: sha256:b4a1caa903fbdac53ed3ec118db62027d1563ffa963e10e042f71d6fed8b04eb
generated: "2026-06-19T10:05:16.157264676+02:00"
